// !$*UTF8*$!
{
	archiveVersion = 1;
	classes = {
	};
	objectVersion = 46;
	objects = {

/* Begin PBXBuildFile section */
		09B4BED81E6D582E00BE962B /* AppDelegate.swift in Sources */ = {isa = PBXBuildFile; fileRef = 09B4BED71E6D582E00BE962B /* AppDelegate.swift */; };
		09B4BEDD1E6D582E00BE962B /* Main.storyboard in Resources */ = {isa = PBXBuildFile; fileRef = 09B4BEDB1E6D582E00BE962B /* Main.storyboard */; };
		09B4BEDF1E6D582E00BE962B /* Assets.xcassets in Resources */ = {isa = PBXBuildFile; fileRef = 09B4BEDE1E6D582E00BE962B /* Assets.xcassets */; };
		09B4BEE21E6D582E00BE962B /* LaunchScreen.storyboard in Resources */ = {isa = PBXBuildFile; fileRef = 09B4BEE01E6D582E00BE962B /* LaunchScreen.storyboard */; };
		09B4BEEA1E6D65A400BE962B /* MainCollectionViewController.swift in Sources */ = {isa = PBXBuildFile; fileRef = 09B4BEE91E6D65A400BE962B /* MainCollectionViewController.swift */; };
		09B4BEEC1E6D65CB00BE962B /* IconoCollectionViewCell.swift in Sources */ = {isa = PBXBuildFile; fileRef = 09B4BEEB1E6D65CB00BE962B /* IconoCollectionViewCell.swift */; };
		09B4BEEE1E6D667500BE962B /* icono.swift in Sources */ = {isa = PBXBuildFile; fileRef = 09B4BEED1E6D667500BE962B /* icono.swift */; };
		09B4BEF01E6D737E00BE962B /* DetalleViewController.swift in Sources */ = {isa = PBXBuildFile; fileRef = 09B4BEEF1E6D737E00BE962B /* DetalleViewController.swift */; };
/* End PBXBuildFile section */

/* Begin PBXFileReference section */
		09B4BED41E6D582E00BE962B /* CollectView.app */ = {isa = PBXFileReference; explicitFileType = wrapper.application; includeInIndex = 0; path = CollectView.app; sourceTree = BUILT_PRODUCTS_DIR; };
		09B4BED71E6D582E00BE962B /* AppDelegate.swift */ = {isa = PBXFileReference; lastKnownFileType = sourcecode.swift; path = AppDelegate.swift; sourceTree = "<group>"; };
		09B4BEDC1E6D582E00BE962B /* Base */ = {isa = PBXFileReference; lastKnownFileType = file.storyboard; name = Base; path = Base.lproj/Main.storyboard; sourceTree = "<group>"; };
		09B4BEDE1E6D582E00BE962B /* Assets.xcassets */ = {isa = PBXFileReference; lastKnownFileType = folder.assetcatalog; path = Assets.xcassets; sourceTree = "<group>"; };
		09B4BEE11E6D582E00BE962B /* Base */ = {isa = PBXFileReference; lastKnownFileType = file.storyboard; name = Base; path = Base.lproj/LaunchScreen.storyboard; sourceTree = "<group>"; };
		09B4BEE31E6D582E00BE962B /* Info.plist */ = {isa = PBXFileReference; lastKnownFileType = text.plist.xml; path = Info.plist; sourceTree = "<group>"; };
		09B4BEE91E6D65A400BE962B /* MainCollectionViewController.swift */ = {isa = PBXFileReference; fileEncoding = 4; lastKnownFileType = sourcecode.swift; path = MainCollectionViewController.swift; sourceTree = "<group>"; };
		09B4BEEB1E6D65CB00BE962B /* IconoCollectionViewCell.swift */ = {isa = PBXFileReference; fileEncoding = 4; lastKnownFileType = sourcecode.swift; path = IconoCollectionViewCell.swift; sourceTree = "<group>"; };
		09B4BEED1E6D667500BE962B /* icono.swift */ = {isa = PBXFileReference; fileEncoding = 4; lastKnownFileType = sourcecode.swift; path = icono.swift; sourceTree = "<group>"; };
		09B4BEEF1E6D737E00BE962B /* DetalleViewController.swift */ = {isa = PBXFileReference; fileEncoding = 4; lastKnownFileType = sourcecode.swift; path = DetalleViewController.swift; sourceTree = "<group>"; };
/* End PBXFileReference section */

/* Begin PBXFrameworksBuildPhase section */
		09B4BED11E6D582E00BE962B /* Frameworks */ = {
			isa = PBXFrameworksBuildPhase;
			buildActionMask = 2147483647;
			files = (
			);
			runOnlyForDeploymentPostprocessing = 0;
		};
/* End PBXFrameworksBuildPhase section */

/* Begin PBXGroup section */
		09B4BECB1E6D582E00BE962B = {
			isa = PBXGroup;
			children = (
				09B4BED61E6D582E00BE962B /* CollectView */,
				09B4BED51E6D582E00BE962B /* Products */,
			);
			sourceTree = "<group>";
		};
		09B4BED51E6D582E00BE962B /* Products */ = {
			isa = PBXGroup;
			children = (
				09B4BED41E6D582E00BE962B /* CollectView.app */,
			);
			name = Products;
			sourceTree = "<group>";
		};
		09B4BED61E6D582E00BE962B /* CollectView */ = {
			isa = PBXGroup;
			children = (
				09B4BED71E6D582E00BE962B /* AppDelegate.swift */,
				09B4BEDB1E6D582E00BE962B /* Main.storyboard */,
				09B4BEEF1E6D737E00BE962B /* DetalleViewController.swift */,
				09B4BEED1E6D667500BE962B /* icono.swift */,
				09B4BEE91E6D65A400BE962B /* MainCollectionViewController.swift */,
				09B4BEEB1E6D65CB00BE962B /* IconoCollectionViewCell.swift */,
				09B4BEDE1E6D582E00BE962B /* Assets.xcassets */,
				09B4BEE01E6D582E00BE962B /* LaunchScreen.storyboard */,
				09B4BEE31E6D582E00BE962B /* Info.plist */,
			);
			path = CollectView;
			sourceTree = "<group>";
		};
/* End PBXGroup section */

/* Begin PBXNativeTarget section */
		09B4BED31E6D582E00BE962B /* CollectView */ = {
			isa = PBXNativeTarget;
			buildConfigurationList = 09B4BEE61E6D582E00BE962B /* Build configuration list for PBXNativeTarget "CollectView" */;
			buildPhases = (
				09B4BED01E6D582E00BE962B /* Sources */,
				09B4BED11E6D582E00BE962B /* Frameworks */,
				09B4BED21E6D582E00BE962B /* Resources */,
			);
			buildRules = (
			);
			dependencies = (
			);
			name = CollectView;
			productName = CollectView;
			productReference = 09B4BED41E6D582E00BE962B /* CollectView.app */;
			productType = "com.apple.product-type.application";
		};
/* End PBXNativeTarget section */

/* Begin PBXProject section */
		09B4BECC1E6D582E00BE962B /* Project object */ = {
			isa = PBXProject;
			attributes = {
				LastSwiftUpdateCheck = 0800;
				LastUpgradeCheck = 0800;
				ORGANIZATIONNAME = alex;
				TargetAttributes = {
					09B4BED31E6D582E00BE962B = {
						CreatedOnToolsVersion = 8.0;
						ProvisioningStyle = Automatic;
					};
				};
			};
			buildConfigurationList = 09B4BECF1E6D582E00BE962B /* Build configuration list for PBXProject "CollectView" */;
			compatibilityVersion = "Xcode 3.2";
			developmentRegion = English;
			hasScannedForEncodings = 0;
			knownRegions = (
				en,
				Base,
			);
			mainGroup = 09B4BECB1E6D582E00BE962B;
			productRefGroup = 09B4BED51E6D582E00BE962B /* Products */;
			projectDirPath = "";
			projectRoot = "";
			targets = (
				09B4BED31E6D582E00BE962B /* CollectView */,
			);
		};
/* End PBXProject section */

/* Begin PBXResourcesBuildPhase section */
		09B4BED21E6D582E00BE962B /* Resources */ = {
			isa = PBXResourcesBuildPhase;
			buildActionMask = 2147483647;
			files = (
				09B4BEE21E6D582E00BE962B /* LaunchScreen.storyboard in Resources */,
				09B4BEDF1E6D582E00BE962B /* Assets.xcassets in Resources */,
				09B4BEDD1E6D582E00BE962B /* Main.storyboard in Resources */,
			);
			runOnlyForDeploymentPostprocessing = 0;
		};
/* End PBXResourcesBuildPhase section */

/* Begin PBXSourcesBuildPhase section */
		09B4BED01E6D582E00BE962B /* Sources */ = {
			isa = PBXSourcesBuildPhase;
			buildActionMask = 2147483647;
			files = (
				09B4BEEA1E6D65A400BE962B /* MainCollectionViewController.swift in Sources */,
				09B4BEF01E6D737E00BE962B /* DetalleViewController.swift in Sources */,
				09B4BED81E6D582E00BE962B /* AppDelegate.swift in Sources */,
				09B4BEEE1E6D667500BE962B /* icono.swift in Sources */,
				09B4BEEC1E6D65CB00BE962B /* IconoCollectionViewCell.swift in Sources */,
			);
			runOnlyForDeploymentPostprocessing = 0;
		};
/* End PBXSourcesBuildPhase section */

/* Begin PBXVariantGroup section */
		09B4BEDB1E6D582E00BE962B /* Main.storyboard */ = {
			isa = PBXVariantGroup;
			children = (
				09B4BEDC1E6D582E00BE962B /* Base */,
			);
			name = Main.storyboard;
			sourceTree = "<group>";
		};
		09B4BEE01E6D582E00BE962B /* LaunchScreen.storyboard */ = {
			isa = PBXVariantGroup;
			children = (
				09B4BEE11E6D582E00BE962B /* Base */,
			);
			name = LaunchScreen.storyboard;
			sourceTree = "<group>";
		};
/* End PBXVariantGroup section */

/* Begin XCBuildConfiguration section */
		09B4BEE41E6D582E00BE962B /* Debug */ = {
			isa = XCBuildConfiguration;
			buildSettings = {
				ALWAYS_SEARCH_USER_PATHS = NO;
				CLANG_ANALYZER_NONNULL = YES;
				CLANG_CXX_LANGUAGE_STANDARD = "gnu++0x";
				CLANG_CXX_LIBRARY = "libc++";
				CLANG_ENABLE_MODULES = YES;
				CLANG_ENABLE_OBJC_ARC = YES;
				CLANG_WARN_BOOL_CONVERSION = YES;
				CLANG_WARN_CONSTANT_CONVERSION = YES;
				CLANG_WARN_DIRECT_OBJC_ISA_USAGE = YES_ERROR;
				CLANG_WARN_DOCUMENTATION_COMMENTS = YES;
				CLANG_WARN_EMPTY_BODY = YES;
				CLANG_WARN_ENUM_CONVERSION = YES;
				CLANG_WARN_INFINITE_RECURSION = YES;
				CLANG_WARN_INT_CONVERSION = YES;
				CLANG_WARN_OBJC_ROOT_CLASS = YES_ERROR;
				CLANG_WARN_SUSPICIOUS_MOVES = YES;
				CLANG_WARN_UNREACHABLE_CODE = YES;
				CLANG_WARN__DUPLICATE_METHOD_MATCH = YES;
				"CODE_SIGN_IDENTITY[sdk=iphoneos*]" = "iPhone Developer";
				COPY_PHASE_STRIP = NO;
				DEBUG_INFORMATION_FORMAT = dwarf;
				ENABLE_STRICT_OBJC_MSGSEND = YES;
				ENABLE_TESTABILITY = YES;
				GCC_C_LANGUAGE_STANDARD = gnu99;
				GCC_DYNAMIC_NO_PIC = NO;
				GCC_NO_COMMON_BLOCKS = YES;
				GCC_OPTIMIZATION_LEVEL = 0;
				GCC_PREPROCESSOR_DEFINITIONS = (
					"DEBUG=1",
					"$(inherited)",
				);
				GCC_WARN_64_TO_32_BIT_CONVERSION = YES;
				GCC_WARN_ABOUT_RETURN_TYPE = YES_ERROR;
				GCC_WARN_UNDECLARED_SELECTOR = YES;
				GCC_WARN_UNINITIALIZED_AUTOS = YES_AGGRESSIVE;
				GCC_WARN_UNUSED_FUNCTION = YES;
				GCC_WARN_UNUSED_VARIABLE = YES;
				IPHONEOS_DEPLOYMENT_TARGET = 10.0;
				MTL_ENABLE_DEBUG_INFO = YES;
				ONLY_ACTIVE_ARCH = YES;
				SDKROOT = iphoneos;
				SWIFT_ACTIVE_COMPILATION_CONDITIONS = DEBUG;
				SWIFT_OPTIMIZATION_LEVEL = "-Onone";
				TARGETED_DEVICE_FAMILY = "1,2";
			};
			name = Debug;
		};
		09B4BEE51E6D582E00BE962B /* Release */ = {
			isa = XCBuildConfiguration;
			buildSettings = {
				ALWAYS_SEARCH_USER_PATHS = NO;
				CLANG_ANALYZER_NONNULL = YES;
				CLANG_CXX_LANGUAGE_STANDARD = "gnu++0x";
				CLANG_CXX_LIBRARY = "libc++";
				CLANG_ENABLE_MODULES = YES;
				CLANG_ENABLE_OBJC_ARC = YES;
				CLANG_WARN_BOOL_CONVERSION = YES;
				CLANG_WARN_CONSTANT_CONVERSION = YES;
				CLANG_WARN_DIRECT_OBJC_ISA_USAGE = YES_ERROR;
				CLANG_WARN_DOCUMENTATION_COMMENTS = YES;
				CLANG_WARN_EMPTY_BODY = YES;
				CLANG_WARN_ENUM_CONVERSION = YES;
				CLANG_WARN_INFINITE_RECURSION = YES;
				CLANG_WARN_INT_CONVERSION = YES;
				CLANG_WARN_OBJC_ROOT_CLASS = YES_ERROR;
				CLANG_WARN_SUSPICIOUS_MOVES = YES;
				CLANG_WARN_UNREACHABLE_CODE = YES;
				CLANG_WARN__DUPLICATE_METHOD_MATCH = YES;
				"CODE_SIGN_IDENTITY[sdk=iphoneos*]" = "iPhone Developer";
				COPY_PHASE_STRIP = NO;
				DEBUG_INFORMATION_FORMAT = "dwarf-with-dsym";
				ENABLE_NS_ASSERTIONS = NO;
				ENABLE_STRICT_OBJC_MSGSEND = YES;
				GCC_C_LANGUAGE_STANDARD = gnu99;
				GCC_NO_COMMON_BLOCKS = YES;
				GCC_WARN_64_TO_32_BIT_CONVERSION = YES;
				GCC_WARN_ABOUT_RETURN_TYPE = YES_ERROR;
				GCC_WARN_UNDECLARED_SELECTOR = YES;
				GCC_WARN_UNINITIALIZED_AUTOS = YES_AGGRESSIVE;
				GCC_WARN_UNUSED_FUNCTION = YES;
				GCC_WARN_UNUSED_VARIABLE = YES;
				IPHONEOS_DEPLOYMENT_TARGET = 10.0;
				MTL_ENABLE_DEBUG_INFO = NO;
				SDKROOT = iphoneos;
				SWIFT_OPTIMIZATION_LEVEL = "-Owholemodule";
				TARGETED_DEVICE_FAMILY = "1,2";
				VALIDATE_PRODUCT = YES;
			};
			name = Release;
		};
		09B4BEE71E6D582E00BE962B /* Debug */ = {
			isa = XCBuildConfiguration;
			buildSettings = {
				ASSETCATALOG_COMPILER_APPICON_NAME = AppIcon;
				INFOPLIST_FILE = CollectView/Info.plist;
				LD_RUNPATH_SEARCH_PATHS = "$(inherited) @executable_path/Frameworks";
				PRODUCT_BUNDLE_IDENTIFIER = alex.CollectView;
				PRODUCT_NAME = "$(TARGET_NAME)";
				SWIFT_VERSION = 3.0;
			};
			name = Debug;
		};
		09B4BEE81E6D582E00BE962B /* Release */ = {
			isa = XCBuildConfiguration;
			buildSettings = {
				ASSETCATALOG_COMPILER_APPICON_NAME = AppIcon;
				INFOPLIST_FILE = CollectView/Info.plist;
				LD_RUNPATH_SEARCH_PATHS = "$(inherited) @executable_path/Frameworks";
				PRODUCT_BUNDLE_IDENTIFIER = alex.CollectView;
				PRODUCT_NAME = "$(TARGET_NAME)";
				SWIFT_VERSION = 3.0;
			};
			name = Release;
		};
/* End XCBuildConfiguration section */

/* Begin XCConfigurationList section */
		09B4BECF1E6D582E00BE962B /* Build configuration list for PBXProject "CollectView" */ = {
			isa = XCConfigurationList;
			buildConfigurations = (
				09B4BEE41E6D582E00BE962B /* Debug */,
				09B4BEE51E6D582E00BE962B /* Release */,
			);
			defaultConfigurationIsVisible = 0;
			defaultConfigurationName = Release;
		};
		09B4BEE61E6D582E00BE962B /* Build configuration list for PBXNativeTarget "CollectView" */ = {
			isa = XCConfigurationList;
			buildConfigurations = (
				09B4BEE71E6D582E00BE962B /* Debug */,
				09B4BEE81E6D582E00BE962B /* Release */,
			);
			defaultConfigurationIsVisible = 0;
		};
/* End XCConfigurationList section */
	};
	rootObject = 09B4BECC1E6D582E00BE962B /* Project object */;
}
